
Microsoft Visual Studio Solution File, Format Version 12.00
# Visual Studio Version 17
VisualStudioVersion = 17.14.36930.0 d17.14
MinimumVisualStudioVersion = 10.0.40219.1
Project("{FAE04EC0-301F-11D3-BF4B-00C04F79EFBC}") = "AquentaLibrary", "AquentaLibrary\AquentaLibrary.csproj", "{6D478606-BDD3-46DE-9DBB-71B373AF2929}"
EndProject
Project("{FAE04EC0-301F-11D3-BF4B-00C04F79EFBC}") = "AquentaAPI", "AquentaAPI\AquentaAPI.csproj", "{75B60BA5-12AF-402C-BD7E-1E4FA40065E4}"
EndProject
Global
	GlobalSection(SolutionConfigurationPlatforms) = preSolution
		Debug|Any CPU = Debug|Any CPU
		Release|Any CPU = Release|Any CPU
	EndGlobalSection
	GlobalSection(ProjectConfigurationPlatforms) = postSolution
		{6D478606-BDD3-46DE-9DBB-71B373AF2929}.Debug|Any CPU.ActiveCfg = Debug|Any CPU
		{6D478606-BDD3-46DE-9DBB-71B373AF2929}.Debug|Any CPU.Build.0 = Debug|Any CPU
		{6D478606-BDD3-46DE-9DBB-71B373AF2929}.Release|Any CPU.ActiveCfg = Release|Any CPU
		{6D478606-BDD3-46DE-9DBB-71B373AF2929}.Release|Any CPU.Build.0 = Release|Any CPU
		{75B60BA5-12AF-402C-BD7E-1E4FA40065E4}.Debug|Any CPU.ActiveCfg = Debug|Any CPU
		{75B60BA5-12AF-402C-BD7E-1E4FA40065E4}.Debug|Any CPU.Build.0 = Debug|Any CPU
		{75B60BA5-12AF-402C-BD7E-1E4FA40065E4}.Release|Any CPU.ActiveCfg = Release|Any CPU
		{75B60BA5-12AF-402C-BD7E-1E4FA40065E4}.Release|Any CPU.Build.0 = Release|Any CPU
	EndGlobalSection
	GlobalSection(SolutionProperties) = preSolution
		HideSolutionNode = FALSE
	EndGlobalSection
	GlobalSection(ExtensibilityGlobals) = postSolution
		SolutionGuid = {F913416C-4014-48FE-8312-E7EBF6386A7E}
	EndGlobalSection
EndGlobal
